
Microsoft Visual Studio Solution File, Format Version 12.00
# Visual Studio Version 17
VisualStudioVersion = 17.3.32804.467
MinimumVisualStudioVersion = 10.0.40219.1
Project("{FAE04EC0-301F-11D3-BF4B-00C04F79EFBC}") = "VidDownload", "VidDownload\VidDownload.csproj", "{854DE903-371E-4360-B450-3C1A0C710356}"
EndProject
Global
	GlobalSection(SolutionConfigurationPlatforms) = preSolution
		Debug|Any CPU = Debug|Any CPU
		Release|Any CPU = Release|Any CPU
	EndGlobalSection
	GlobalSection(ProjectConfigurationPlatforms) = postSolution
		{854DE903-371E-4360-B450-3C1A0C710356}.Debug|Any CPU.ActiveCfg = Debug|Any CPU
		{854DE903-371E-4360-B450-3C1A0C710356}.Debug|Any CPU.Build.0 = Debug|Any CPU
		{854DE903-371E-4360-B450-3C1A0C710356}.Release|Any CPU.ActiveCfg = Release|Any CPU
		{854DE903-371E-4360-B450-3C1A0C710356}.Release|Any CPU.Build.0 = Release|Any CPU
	EndGlobalSection
	GlobalSection(SolutionProperties) = preSolution
		HideSolutionNode = FALSE
	EndGlobalSection
	GlobalSection(ExtensibilityGlobals) = postSolution
		SolutionGuid = {30795D7D-9F84-4A21-AC67-4C7C9490C0AC}
	EndGlobalSection
EndGlobal
